<?xml version="1.0" encoding="utf-8"?>
<Project ToolsVersion="4.0" xmlns="http://schemas.microsoft.com/developer/msbuild/2003">
  <ItemGroup>
    <Filter Include="Source Files">
      <UniqueIdentifier>{4FC737F1-C7A5-4376-A066-2A32D752A2FF}</UniqueIdentifier>
      <Extensions>cpp;c;cc;cxx;def;odl;idl;hpj;bat;asm;asmx</Extensions>
    </Filter>
    <Filter Include="Header Files">
      <UniqueIdentifier>{93995380-89BD-4b04-88EB-625FBE52EBFB}</UniqueIdentifier>
      <Extensions>h;hpp;hxx;hm;inl;inc;xsd</Extensions>
    </Filter>
    <Filter Include="Resource Files">
      <UniqueIdentifier>{67DA6AB6-F800-4c08-8B7A-83BB121AAD01}</UniqueIdentifier>
      <Extensions>rc;ico;cur;bmp;dlg;rc2;rct;bin;rgs;gif;jpg;jpeg;jpe;resx;tiff;tif;png;wav;mfcribbon-ms</Extensions>
    </Filter>
    <Filter Include="drivers">
      <UniqueIdentifier>{39e5d823-d742-498c-a678-cf42049604e1}</UniqueIdentifier>
    </Filter>
    <Filter Include="util">
      <UniqueIdentifier>{818121e2-7137-4920-90a0-571228d301a5}</UniqueIdentifier>
    </Filter>
    <Filter Include="Viewports">
      <UniqueIdentifier>{8d3f532a-2c19-4024-9639-7020cf177f16}</UniqueIdentifier>
    </Filter>
    <Filter Include="ClusterManagers">
      <UniqueIdentifier>{9502fd0b-03ae-489d-8f61-c34b642ecf39}</UniqueIdentifier>
    </Filter>
    <Filter Include="gl">
      <UniqueIdentifier>{4306606e-7765-4662-9ad5-e83e010b8ee8}</UniqueIdentifier>
    </Filter>
    <Filter Include="math">
      <UniqueIdentifier>{47f68287-43a2-4dc1-8c76-fe9e36741404}</UniqueIdentifier>
    </Filter>
    <Filter Include="models">
      <UniqueIdentifier>{1259f6d7-6075-4a6b-9ee1-fd3d60865b5c}</UniqueIdentifier>
    </Filter>
    <Filter Include="gui">
      <UniqueIdentifier>{d407aedd-66ce-4691-964b-8d312ef74d08}</UniqueIdentifier>
    </Filter>
    <Filter Include="gui\components">
      <UniqueIdentifier>{b365a25d-b74f-44dd-9f8d-544afd852b6c}</UniqueIdentifier>
    </Filter>
    <Filter Include="externals">
      <UniqueIdentifier>{da20e25b-1d55-448f-9aac-f157a079915f}</UniqueIdentifier>
    </Filter>
    <Filter Include="externals\poly2tri">
      <UniqueIdentifier>{781bae37-136d-4edd-99ad-9b1facdffa85}</UniqueIdentifier>
    </Filter>
    <Filter Include="externals\clipper">
      <UniqueIdentifier>{8b81ecea-5136-4fb3-a7da-c424dbeafb73}</UniqueIdentifier>
    </Filter>
    <Filter Include="tien">
      <UniqueIdentifier>{ac9497e1-4940-4ef8-8f02-0d961cc9df05}</UniqueIdentifier>
    </Filter>
    <Filter Include="tien\components">
      <UniqueIdentifier>{73779c50-32ec-4b37-b87e-cff2bb98b028}</UniqueIdentifier>
    </Filter>
    <Filter Include="tien\components\colliders">
      <UniqueIdentifier>{2ff233f3-4a7d-463c-a1e8-e5578f81ebe3}</UniqueIdentifier>
    </Filter>
  </ItemGroup>
  <ItemGroup>
    <ClInclude Include="VrLib\VrLib.h">
      <Filter>Header Files</Filter>
    </ClInclude>
    <ClInclude Include="VrLib\Kernel.h">
      <Filter>Header Files</Filter>
    </ClInclude>
    <ClInclude Include="VrLib\Application.h">
      <Filter>Header Files</Filter>
    </ClInclude>
    <ClInclude Include="VrLib\Log.h">
      <Filter>Header Files</Filter>
    </ClInclude>
    <ClInclude Include="VrLib\User.h">
      <Filter>Header Files</Filter>
    </ClInclude>
    <ClInclude Include="VrLib\Viewport.h">
      <Filter>Header Files</Filter>
    </ClInclude>
    <ClInclude Include="VrLib\ClusterManager.h">
      <Filter>Header Files</Filter>
    </ClInclude>
    <ClInclude Include="VrLib\Device.h">
      <Filter>Header Files</Filter>
    </ClInclude>
    <ClInclude Include="VrLib\BinaryStream.h">
      <Filter>Header Files</Filter>
    </ClInclude>
    <ClInclude Include="VrLib\drivers\MouseButton.h">
      <Filter>drivers</Filter>
    </ClInclude>
    <ClInclude Include="VrLib\drivers\SimPosition.h">
      <Filter>drivers</Filter>
    </ClInclude>
    <ClInclude Include="VrLib\Multiton.h">
      <Filter>Header Files</Filter>
    </ClInclude>
    <ClInclude Include="VrLib\ClusterData.h">
      <Filter>Header Files</Filter>
    </ClInclude>
    <ClInclude Include="VrLib\PerfMon.h">
      <Filter>Header Files</Filter>
    </ClInclude>
    <ClInclude Include="VrLib\drivers\Vrpn.h">
      <Filter>drivers</Filter>
    </ClInclude>
    <ClInclude Include="VrLib\drivers\Keyboard.h">
      <Filter>drivers</Filter>
    </ClInclude>
    <ClInclude Include="VrLib\util\thread.h">
      <Filter>util</Filter>
    </ClInclude>
    <ClInclude Include="VrLib\util\mutex.h">
      <Filter>util</Filter>
    </ClInclude>
    <ClInclude Include="VrLib\Viewports\ProjectionViewport.h">
      <Filter>Viewports</Filter>
    </ClInclude>
    <ClInclude Include="VrLib\Viewports\SimulatorViewport.h">
      <Filter>Viewports</Filter>
    </ClInclude>
    <ClInclude Include="VrLib\ClusterManagers\ClusterManagerSlave.h">
      <Filter>ClusterManagers</Filter>
    </ClInclude>
    <ClInclude Include="VrLib\ClusterManagers\ClusterManagerMaster.h">
      <Filter>ClusterManagers</Filter>
    </ClInclude>
    <ClInclude Include="VrLib\drivers\GloveDriver.h">
      <Filter>drivers</Filter>
    </ClInclude>
    <ClInclude Include="VrLib\drivers\Oculus.h">
      <Filter>drivers</Filter>
    </ClInclude>
    <ClInclude Include="VrLib\Viewports\RiftViewport.h">
      <Filter>Viewports</Filter>
    </ClInclude>
    <ClInclude Include="VrLib\drivers\XBOXController.h">
      <Filter>drivers</Filter>
    </ClInclude>
    <ClInclude Include="VrLib\drivers\RaceWheelDriver.h">
      <Filter>drivers</Filter>
    </ClInclude>
    <ClInclude Include="VrLib\drivers\HydraDriver.h">
      <Filter>drivers</Filter>
    </ClInclude>
    <ClInclude Include="VrLib\json.h">
      <Filter>Header Files</Filter>
    </ClInclude>
    <ClInclude Include="VrLib\Kernel_Windows.h">
      <Filter>Header Files</Filter>
    </ClInclude>
    <ClInclude Include="VrLib\gl\VBO.h">
      <Filter>gl</Filter>
    </ClInclude>
    <ClInclude Include="VrLib\gl\Vertex.h">
      <Filter>gl</Filter>
    </ClInclude>
    <ClInclude Include="VrLib\gl\VIO.h">
      <Filter>gl</Filter>
    </ClInclude>
    <ClInclude Include="VrLib\gl\FBO.h">
      <Filter>gl</Filter>
    </ClInclude>
    <ClInclude Include="VrLib\gl\VAO.h">
      <Filter>gl</Filter>
    </ClInclude>
    <ClInclude Include="VrLib\gl\shader.h">
      <Filter>gl</Filter>
    </ClInclude>
    <ClInclude Include="VrLib\Texture.h">
      <Filter>Header Files</Filter>
    </ClInclude>
    <ClInclude Include="VrLib\Model.h">
      <Filter>Header Files</Filter>
    </ClInclude>
    <ClInclude Include="VrLib\stb_image.h">
      <Filter>Header Files</Filter>
    </ClInclude>
    <ClInclude Include="VrLib\Image.h">
      <Filter>Header Files</Filter>
    </ClInclude>
    <ClInclude Include="VrLib\models\AssimpModel.h">
      <Filter>models</Filter>
    </ClInclude>
    <ClInclude Include="VrLib\gui\components\Label.h">
      <Filter>gui\components</Filter>
    </ClInclude>
    <ClInclude Include="VrLib\gui\components\Panel.h">
      <Filter>gui\components</Filter>
    </ClInclude>
    <ClInclude Include="VrLib\gui\components\Slider.h">
      <Filter>gui\components</Filter>
    </ClInclude>
    <ClInclude Include="VrLib\gui\components\Button.h">
      <Filter>gui\components</Filter>
    </ClInclude>
    <ClInclude Include="VrLib\gui\components\Component.h">
      <Filter>gui\components</Filter>
    </ClInclude>
    <ClInclude Include="VrLib\gui\components\Image.h">
      <Filter>gui\components</Filter>
    </ClInclude>
    <ClInclude Include="VrLib\gui\components\CheckBox.h">
      <Filter>gui\components</Filter>
    </ClInclude>
    <ClInclude Include="VrLib\gui\Window.h">
      <Filter>gui</Filter>
    </ClInclude>
    <ClInclude Include="VrLib\math\Ray.h">
      <Filter>math</Filter>
    </ClInclude>
    <ClInclude Include="VrLib\models\SimpleModel.h">
      <Filter>models</Filter>
    </ClInclude>
    <ClInclude Include="VrLib\math.h">
      <Filter>Header Files</Filter>
    </ClInclude>
    <ClInclude Include="VrLib\util.h">
      <Filter>Header Files</Filter>
    </ClInclude>
    <ClInclude Include="VrLib\math\aabb.h">
      <Filter>math</Filter>
    </ClInclude>
    <ClInclude Include="VrLib\gui\components\ContainerComponent.h">
      <Filter>gui\components</Filter>
    </ClInclude>
    <ClInclude Include="VrLib\Font.h">
      <Filter>Header Files</Filter>
    </ClInclude>
    <ClInclude Include="externals\clipper\clipper.hpp">
      <Filter>externals\clipper</Filter>
    </ClInclude>
    <ClInclude Include="externals\poly2tri\poly2tri.h">
      <Filter>externals\poly2tri</Filter>
    </ClInclude>
    <ClInclude Include="externals\poly2tri\common\shapes.h">
      <Filter>externals\poly2tri</Filter>
    </ClInclude>
    <ClInclude Include="externals\poly2tri\common\utils.h">
      <Filter>externals\poly2tri</Filter>
    </ClInclude>
    <ClInclude Include="externals\poly2tri\sweep\sweep_context.h">
      <Filter>externals\poly2tri</Filter>
    </ClInclude>
    <ClInclude Include="externals\poly2tri\sweep\advancing_front.h">
      <Filter>externals\poly2tri</Filter>
    </ClInclude>
    <ClInclude Include="externals\poly2tri\sweep\cdt.h">
      <Filter>externals\poly2tri</Filter>
    </ClInclude>
    <ClInclude Include="externals\poly2tri\sweep\sweep.h">
      <Filter>externals\poly2tri</Filter>
    </ClInclude>
    <ClInclude Include="VrLib\math\Triangle.h">
      <Filter>math</Filter>
    </ClInclude>
    <ClInclude Include="VrLib\math\Polygon.h">
      <Filter>math</Filter>
    </ClInclude>
    <ClInclude Include="VrLib\math\Plane.h">
      <Filter>math</Filter>
    </ClInclude>
    <ClInclude Include="VrLib\TextureAtlas.h">
      <Filter>Header Files</Filter>
    </ClInclude>
    <ClInclude Include="VrLib\gl\Cubemap.h">
      <Filter>gl</Filter>
    </ClInclude>
    <ClInclude Include="VrLib\models\LoLModel.h">
      <Filter>models</Filter>
    </ClInclude>
    <ClInclude Include="VrLib\drivers\LeapMotion.h">
      <Filter>drivers</Filter>
    </ClInclude>
    <ClInclude Include="VrLib\util\RestApi.h">
      <Filter>util</Filter>
    </ClInclude>
    <ClInclude Include="VrLib\ServerConnection.h">
      <Filter>Header Files</Filter>
    </ClInclude>
    <ClInclude Include="VrLib\NormalApp.h">
      <Filter>Header Files</Filter>
    </ClInclude>
    <ClInclude Include="VrLib\drivers\Sim2dInput.h">
      <Filter>drivers</Filter>
    </ClInclude>
    <ClInclude Include="VrLib\drivers\OpenVR.h">
      <Filter>drivers</Filter>
    </ClInclude>
    <ClInclude Include="VrLib\Viewports\OpenVRViewport.h">
      <Filter>Viewports</Filter>
    </ClInclude>
    <ClInclude Include="VrLib\math\HermiteCurve.h">
      <Filter>math</Filter>
    </ClInclude>
    <ClInclude Include="VrLib\tien\Node.h">
      <Filter>tien</Filter>
    </ClInclude>
    <ClInclude Include="VrLib\tien\Renderer.h">
      <Filter>tien</Filter>
    </ClInclude>
    <ClInclude Include="VrLib\tien\Component.h">
      <Filter>tien</Filter>
    </ClInclude>
    <ClInclude Include="VrLib\tien\components\Transform.h">
      <Filter>tien\components</Filter>
    </ClInclude>
    <ClInclude Include="VrLib\tien\components\ModelRenderer.h">
      <Filter>tien\components</Filter>
    </ClInclude>
    <ClInclude Include="VrLib\tien\components\RigidBody.h">
      <Filter>tien\components</Filter>
    </ClInclude>
    <ClInclude Include="VrLib\tien\components\Light.h">
      <Filter>tien\components</Filter>
    </ClInclude>
    <ClInclude Include="VrLib\tien\components\Camera.h">
      <Filter>tien\components</Filter>
    </ClInclude>
    <ClInclude Include="VrLib\tien\components\TransformAttach.h">
      <Filter>tien\components</Filter>
    </ClInclude>
    <ClInclude Include="VrLib\stb_image_write.h">
      <Filter>Header Files</Filter>
    </ClInclude>
    <ClInclude Include="VrLib\tien\components\Collider.h">
      <Filter>tien\components\colliders</Filter>
    </ClInclude>
    <ClInclude Include="VrLib\tien\components\MeshCollider.h">
      <Filter>tien\components\colliders</Filter>
    </ClInclude>
    <ClInclude Include="VrLib\tien\components\BoxCollider.h">
      <Filter>tien\components\colliders</Filter>
    </ClInclude>
    <ClInclude Include="VrLib\tien\components\SphereCollider.h">
      <Filter>tien\components\colliders</Filter>
    </ClInclude>
    <ClInclude Include="VrLib\tien\SceneManager.h">
      <Filter>tien</Filter>
    </ClInclude>
    <ClInclude Include="VrLib\tien\Tien.h">
      <Filter>tien</Filter>
    </ClInclude>
    <ClInclude Include="VrLib\tien\Scene.h">
      <Filter>tien</Filter>
    </ClInclude>
    <ClInclude Include="VrLib\tien\Terrain.h">
      <Filter>tien</Filter>
    </ClInclude>
    <ClInclude Include="VrLib\tien\components\TerrainRenderer.h">
      <Filter>tien\components</Filter>
    </ClInclude>
  </ItemGroup>
  <ItemGroup>
    <ClCompile Include="VrLib\VrLib.cpp">
      <Filter>Source Files</Filter>
    </ClCompile>
    <ClCompile Include="VrLib\Kernel.cpp">
      <Filter>Source Files</Filter>
    </ClCompile>
    <ClCompile Include="VrLib\Application.cpp">
      <Filter>Source Files</Filter>
    </ClCompile>
    <ClCompile Include="VrLib\Log.cpp">
      <Filter>Source Files</Filter>
    </ClCompile>
    <ClCompile Include="VrLib\User.cpp">
      <Filter>Source Files</Filter>
    </ClCompile>
    <ClCompile Include="VrLib\Viewport.cpp">
      <Filter>Source Files</Filter>
    </ClCompile>
    <ClCompile Include="VrLib\ClusterManager.cpp">
      <Filter>Source Files</Filter>
    </ClCompile>
    <ClCompile Include="VrLib\Device.cpp">
      <Filter>Source Files</Filter>
    </ClCompile>
    <ClCompile Include="VrLib\BinaryStream.cpp">
      <Filter>Source Files</Filter>
    </ClCompile>
    <ClCompile Include="VrLib\drivers\MouseButton.cpp">
      <Filter>drivers</Filter>
    </ClCompile>
    <ClCompile Include="VrLib\drivers\SimPosition.cpp">
      <Filter>drivers</Filter>
    </ClCompile>
    <ClCompile Include="VrLib\ClusterData.cpp">
      <Filter>Source Files</Filter>
    </ClCompile>
    <ClCompile Include="VrLib\PerfMon.cpp">
      <Filter>Source Files</Filter>
    </ClCompile>
    <ClCompile Include="VrLib\drivers\Vrpn.cpp">
      <Filter>drivers</Filter>
    </ClCompile>
    <ClCompile Include="VrLib\face.cpp">
      <Filter>Source Files</Filter>
    </ClCompile>
    <ClCompile Include="VrLib\eye.cpp">
      <Filter>Source Files</Filter>
    </ClCompile>
    <ClCompile Include="VrLib\drivers\Keyboard.cpp">
      <Filter>drivers</Filter>
    </ClCompile>
    <ClCompile Include="VrLib\util\thread.cpp">
      <Filter>util</Filter>
    </ClCompile>
    <ClCompile Include="VrLib\util\mutex.cpp">
      <Filter>util</Filter>
    </ClCompile>
    <ClCompile Include="VrLib\Viewports\SimulatorViewport.cpp">
      <Filter>Viewports</Filter>
    </ClCompile>
    <ClCompile Include="VrLib\Viewports\ProjectionViewport.cpp">
      <Filter>Viewports</Filter>
    </ClCompile>
    <ClCompile Include="VrLib\ClusterManagers\ClusterManagerSlave.cpp">
      <Filter>ClusterManagers</Filter>
    </ClCompile>
    <ClCompile Include="VrLib\ClusterManagers\ClusterManagerMaster.cpp">
      <Filter>ClusterManagers</Filter>
    </ClCompile>
    <ClCompile Include="VrLib\Kernel_Windows.cpp">
      <Filter>Source Files</Filter>
    </ClCompile>
    <ClCompile Include="VrLib\drivers\GloveDriver.cpp">
      <Filter>drivers</Filter>
    </ClCompile>
    <ClCompile Include="VrLib\drivers\Oculus.cpp">
      <Filter>drivers</Filter>
    </ClCompile>
    <ClCompile Include="VrLib\Viewports\RiftViewport.cpp">
      <Filter>Viewports</Filter>
    </ClCompile>
    <ClCompile Include="VrLib\drivers\XBOXController.cpp">
      <Filter>drivers</Filter>
    </ClCompile>
    <ClCompile Include="VrLib\drivers\RaceWheelDriver.cpp">
      <Filter>drivers</Filter>
    </ClCompile>
    <ClCompile Include="VrLib\drivers\HydraDriver.cpp">
      <Filter>drivers</Filter>
    </ClCompile>
    <ClCompile Include="VrLib\json.cpp">
      <Filter>Source Files</Filter>
    </ClCompile>
    <ClCompile Include="VrLib\gl\VBO.cpp">
      <Filter>gl</Filter>
    </ClCompile>
    <ClCompile Include="VrLib\gl\Vertex.cpp">
      <Filter>gl</Filter>
    </ClCompile>
    <ClCompile Include="VrLib\gl\VIO.cpp">
      <Filter>gl</Filter>
    </ClCompile>
    <ClCompile Include="VrLib\gl\FBO.cpp">
      <Filter>gl</Filter>
    </ClCompile>
    <ClCompile Include="VrLib\gl\VAO.cpp">
      <Filter>gl</Filter>
    </ClCompile>
    <ClCompile Include="VrLib\gl\Shader.cpp">
      <Filter>gl</Filter>
    </ClCompile>
    <ClCompile Include="VrLib\Texture.cpp">
      <Filter>Source Files</Filter>
    </ClCompile>
    <ClCompile Include="VrLib\Model.cpp">
      <Filter>Source Files</Filter>
    </ClCompile>
    <ClCompile Include="VrLib\stb_image.c">
      <Filter>Source Files</Filter>
    </ClCompile>
    <ClCompile Include="VrLib\Image.cpp">
      <Filter>Source Files</Filter>
    </ClCompile>
    <ClCompile Include="VrLib\models\AssimpModel.cpp">
      <Filter>models</Filter>
    </ClCompile>
    <ClCompile Include="VrLib\gui\components\Panel.cpp">
      <Filter>gui\components</Filter>
    </ClCompile>
    <ClCompile Include="VrLib\gui\components\Slider.cpp">
      <Filter>gui\components</Filter>
    </ClCompile>
    <ClCompile Include="VrLib\gui\components\Button.cpp">
      <Filter>gui\components</Filter>
    </ClCompile>
    <ClCompile Include="VrLib\gui\components\Component.cpp">
      <Filter>gui\components</Filter>
    </ClCompile>
    <ClCompile Include="VrLib\gui\components\Image.cpp">
      <Filter>gui\components</Filter>
    </ClCompile>
    <ClCompile Include="VrLib\gui\components\Label.cpp">
      <Filter>gui\components</Filter>
    </ClCompile>
    <ClCompile Include="VrLib\gui\components\CheckBox.cpp">
      <Filter>gui\components</Filter>
    </ClCompile>
    <ClCompile Include="VrLib\gui\Window.cpp">
      <Filter>gui</Filter>
    </ClCompile>
    <ClCompile Include="VrLib\math\Ray.cpp">
      <Filter>math</Filter>
    </ClCompile>
    <ClCompile Include="VrLib\models\SimpleModel.cpp">
      <Filter>models</Filter>
    </ClCompile>
    <ClCompile Include="VrLib\math.cpp">
      <Filter>Source Files</Filter>
    </ClCompile>
    <ClCompile Include="VrLib\util.cpp">
      <Filter>Source Files</Filter>
    </ClCompile>
    <ClCompile Include="VrLib\math\aabb.cpp">
      <Filter>math</Filter>
    </ClCompile>
    <ClCompile Include="VrLib\gui\components\ContainerComponent.cpp">
      <Filter>gui\components</Filter>
    </ClCompile>
    <ClCompile Include="VrLib\Font.cpp">
      <Filter>Source Files</Filter>
    </ClCompile>
    <ClCompile Include="externals\clipper\clipper.cpp">
      <Filter>externals\clipper</Filter>
    </ClCompile>
    <ClCompile Include="externals\poly2tri\common\shapes.cc">
      <Filter>externals\poly2tri</Filter>
    </ClCompile>
    <ClCompile Include="externals\poly2tri\sweep\sweep_context.cc">
      <Filter>externals\poly2tri</Filter>
    </ClCompile>
    <ClCompile Include="externals\poly2tri\sweep\advancing_front.cc">
      <Filter>externals\poly2tri</Filter>
    </ClCompile>
    <ClCompile Include="externals\poly2tri\sweep\cdt.cc">
      <Filter>externals\poly2tri</Filter>
    </ClCompile>
    <ClCompile Include="externals\poly2tri\sweep\sweep.cc">
      <Filter>externals\poly2tri</Filter>
    </ClCompile>
    <ClCompile Include="VrLib\math\Triangle.cpp">
      <Filter>math</Filter>
    </ClCompile>
    <ClCompile Include="VrLib\math\Polygon.cpp">
      <Filter>math</Filter>
    </ClCompile>
    <ClCompile Include="VrLib\math\Plane.cpp">
      <Filter>math</Filter>
    </ClCompile>
    <ClCompile Include="VrLib\TextureAtlas.cpp">
      <Filter>Source Files</Filter>
    </ClCompile>
    <ClCompile Include="VrLib\gl\Cubemap.cpp">
      <Filter>gl</Filter>
    </ClCompile>
    <ClCompile Include="VrLib\models\LoLModel.cpp">
      <Filter>models</Filter>
    </ClCompile>
    <ClCompile Include="VrLib\drivers\LeapMotion.cpp">
      <Filter>drivers</Filter>
    </ClCompile>
    <ClCompile Include="VrLib\util\RestApi.cpp">
      <Filter>util</Filter>
    </ClCompile>
    <ClCompile Include="VrLib\ServerConnection.cpp">
      <Filter>Source Files</Filter>
    </ClCompile>
    <ClCompile Include="VrLib\NormalApp.cpp">
      <Filter>Source Files</Filter>
    </ClCompile>
    <ClCompile Include="VrLib\drivers\Sim2dInput.cpp">
      <Filter>drivers</Filter>
    </ClCompile>
    <ClCompile Include="VrLib\drivers\OpenVR.cpp">
      <Filter>drivers</Filter>
    </ClCompile>
    <ClCompile Include="VrLib\Viewports\OpenVRViewport.cpp">
      <Filter>Viewports</Filter>
    </ClCompile>
    <ClCompile Include="VrLib\math\HermiteCurve.cpp">
      <Filter>math</Filter>
    </ClCompile>
    <ClCompile Include="VrLib\tien\Renderer.cpp">
      <Filter>tien</Filter>
    </ClCompile>
    <ClCompile Include="VrLib\tien\Component.cpp">
      <Filter>tien</Filter>
    </ClCompile>
    <ClCompile Include="VrLib\tien\Node.cpp">
      <Filter>tien</Filter>
    </ClCompile>
    <ClCompile Include="VrLib\tien\components\ModelRenderer.cpp">
      <Filter>tien\components</Filter>
    </ClCompile>
    <ClCompile Include="VrLib\tien\components\Transform.cpp">
      <Filter>tien\components</Filter>
    </ClCompile>
    <ClCompile Include="VrLib\tien\components\RigidBody.cpp">
      <Filter>tien\components</Filter>
    </ClCompile>
    <ClCompile Include="VrLib\tien\components\Light.cpp">
      <Filter>tien\components</Filter>
    </ClCompile>
    <ClCompile Include="VrLib\tien\components\Camera.cpp">
      <Filter>tien\components</Filter>
    </ClCompile>
    <ClCompile Include="VrLib\tien\components\TransformAttach.cpp">
      <Filter>tien\components</Filter>
    </ClCompile>
    <ClCompile Include="VrLib\stb_image_write.cpp">
      <Filter>Source Files</Filter>
    </ClCompile>
    <ClCompile Include="VrLib\tien\components\Collider.cpp">
      <Filter>tien\components\colliders</Filter>
    </ClCompile>
    <ClCompile Include="VrLib\tien\components\MeshCollider.cpp">
      <Filter>tien\components\colliders</Filter>
    </ClCompile>
    <ClCompile Include="VrLib\tien\components\SphereCollider.cpp">
      <Filter>tien\components\colliders</Filter>
    </ClCompile>
    <ClCompile Include="VrLib\tien\components\BoxCollider.cpp">
      <Filter>tien\components\colliders</Filter>
    </ClCompile>
    <ClCompile Include="VrLib\tien\Tien.cpp">
      <Filter>tien</Filter>
    </ClCompile>
    <ClCompile Include="VrLib\tien\Scene.cpp">
      <Filter>tien</Filter>
    </ClCompile>
    <ClCompile Include="VrLib\tien\SceneManager.cpp">
      <Filter>tien</Filter>
    </ClCompile>
    <ClCompile Include="VrLib\tien\Terrain.cpp">
      <Filter>tien</Filter>
    </ClCompile>
    <ClCompile Include="VrLib\tien\components\TerrainRenderer.cpp">
      <Filter>tien\components</Filter>
    </ClCompile>
  </ItemGroup>
</Project>